{
  "nodes": {
    "claude-status-line": {
      "flake": false,
      "locked": {
        "lastModified": 1788553033,
        "narHash": "sha256-l6aWPKTiZW+ZSDJZ/OhO8N8sst/15GitKxSrGAUeYp8=",
        "owner": "wyattjoh",
        "repo": "claude-status-line",
        "rev": "370f4ccbcdbe3ebe6dd9ce6ed2a8941f95f9c362",
        "type": "github"
      },
      "original": {
        "owner": "wyattjoh",
        "repo": "claude-status-line",
        "rev": "370f4ccbcdbe3ebe6dd9ce6ed2a8941f95f9c362",
        "type": "github"
      }
    },
    "nixpkgs": {
      "locked": {
        "lastModified": 1790570722,
        "narHash": "sha256-Avcz96Q+8OkfUIUXipBBVsQn19L622BtKP7mk6M+uls=",
        "owner": "NixOS",
        "repo": "nixpkgs",
        "rev": "419fe0f449b3fbe3bdd53d9840288db4509ec32e",
        "type": "github"
      },
      "original": {
        "owner": "NixOS",
        "ref": "nixpkgs-unstable",
        "repo": "nixpkgs",
        "type": "github"
      }
    },
    "root": {
      "inputs": {
        "claude-status-line": "claude-status-line",
        "nixpkgs": "nixpkgs"
      }
    }
  },
  "root": "root",
  "version": 7
}
