{
  "nodes": {
    "claude-status-line": {
      "flake": false,
      "locked": {
        "lastModified": 1788553033,
        "narHash": "sha256-l6aWPKTiZW+ZSDJZ/OhO8N8sst/15GitKxSrGAUeYp8=",
        "owner": "wyattjoh",
        "repo": "claude-status-line",
        "rev": "370f4ccbcdbe3ebe6dd9ce6ed2a8941f95f9c362",
        "type": "github"
      },
      "original": {
        "owner": "wyattjoh",
        "repo": "claude-status-line",
        "rev": "370f4ccbcdbe3ebe6dd9ce6ed2a8941f95f9c362",
        "type": "github"
      }
    },
    "nixpkgs": {
      "locked": {
        "lastModified": 1790361504,
        "narHash": "sha256-s1k+HBVKC2tU/0CGYEuFGmGLlh2bNRRzNorrgRA4Jn8=",
        "owner": "NixOS",
        "repo": "nixpkgs",
        "rev": "79b6d20e55596f80baa35cda2a334da8a1fbf1ea",
        "type": "github"
      },
      "original": {
        "owner": "NixOS",
        "ref": "nixpkgs-unstable",
        "repo": "nixpkgs",
        "type": "github"
      }
    },
    "root": {
      "inputs": {
        "claude-status-line": "claude-status-line",
        "nixpkgs": "nixpkgs"
      }
    }
  },
  "root": "root",
  "version": 7
}
