{
  "nodes": {
    "claude-status-line": {
      "flake": false,
      "locked": {
        "lastModified": 1788553033,
        "narHash": "sha256-l6aWPKTiZW+ZSDJZ/OhO8N8sst/15GitKxSrGAUeYp8=",
        "owner": "wyattjoh",
        "repo": "claude-status-line",
        "rev": "370f4ccbcdbe3ebe6dd9ce6ed2a8941f95f9c362",
        "type": "github"
      },
      "original": {
        "owner": "wyattjoh",
        "repo": "claude-status-line",
        "rev": "370f4ccbcdbe3ebe6dd9ce6ed2a8941f95f9c362",
        "type": "github"
      }
    },
    "nixpkgs": {
      "locked": {
        "lastModified": 1789370336,
        "narHash": "sha256-6RSEDHIWQtesQKWSu5qRai8L2h4KgCgMEfJHstW99G4=",
        "owner": "NixOS",
        "repo": "nixpkgs",
        "rev": "c7def046b9a883d46974757852106483d741586f",
        "type": "github"
      },
      "original": {
        "owner": "NixOS",
        "ref": "nixpkgs-unstable",
        "repo": "nixpkgs",
        "type": "github"
      }
    },
    "root": {
      "inputs": {
        "claude-status-line": "claude-status-line",
        "nixpkgs": "nixpkgs"
      }
    }
  },
  "root": "root",
  "version": 7
}
